// !$*UTF8*$!
{
	archiveVersion = 1;
	classes = {
	};
	objectVersion = 46;
	objects = {

/* Begin PBXBuildFile section */
		D76D820C1B38AA8A003FD40E /* AppDelegate.swift in Sources */ = {isa = PBXBuildFile; fileRef = D76D820B1B38AA8A003FD40E /* AppDelegate.swift */; };
		D76D820E1B38AA8A003FD40E /* ViewController.swift in Sources */ = {isa = PBXBuildFile; fileRef = D76D820D1B38AA8A003FD40E /* ViewController.swift */; };
		D76D82111B38AA8A003FD40E /* Main.storyboard in Resources */ = {isa = PBXBuildFile; fileRef = D76D820F1B38AA8A003FD40E /* Main.storyboard */; };
		D76D82131B38AA8A003FD40E /* Images.xcassets in Resources */ = {isa = PBXBuildFile; fileRef = D76D82121B38AA8A003FD40E /* Images.xcassets */; };
		D76D82161B38AA8A003FD40E /* LaunchScreen.xib in Resources */ = {isa = PBXBuildFile; fileRef = D76D82141B38AA8A003FD40E /* LaunchScreen.xib */; };
		D76D82221B38AA8A003FD40E /* BandRegisterNotificationTests.swift in Sources */ = {isa = PBXBuildFile; fileRef = D76D82211B38AA8A003FD40E /* BandRegisterNotificationTests.swift */; };
		D76D822F1B38AAB8003FD40E /* MicrosoftBandKit_iOS.framework in Frameworks */ = {isa = PBXBuildFile; fileRef = D76D822E1B38AAB8003FD40E /* MicrosoftBandKit_iOS.framework */; };
		D76D82311B38AABE003FD40E /* CoreBluetooth.framework in Frameworks */ = {isa = PBXBuildFile; fileRef = D76D82301B38AABE003FD40E /* CoreBluetooth.framework */; };
		D76D82341B38AF5E003FD40E /* tile24.png in Resources */ = {isa = PBXBuildFile; fileRef = D76D82321B38AF5E003FD40E /* tile24.png */; };
		D76D82351B38AF5E003FD40E /* tile46.png in Resources */ = {isa = PBXBuildFile; fileRef = D76D82331B38AF5E003FD40E /* tile46.png */; };
/* End PBXBuildFile section */

/* Begin PBXContainerItemProxy section */
		D76D821C1B38AA8A003FD40E /* PBXContainerItemProxy */ = {
			isa = PBXContainerItemProxy;
			containerPortal = D76D81FE1B38AA8A003FD40E /* Project object */;
			proxyType = 1;
			remoteGlobalIDString = D76D82051B38AA8A003FD40E;
			remoteInfo = BandRegisterNotification;
		};
/* End PBXContainerItemProxy section */

/* Begin PBXFileReference section */
		D76D82061B38AA8A003FD40E /* BandRegisterNotification.app */ = {isa = PBXFileReference; explicitFileType = wrapper.application; includeInIndex = 0; path = BandRegisterNotification.app; sourceTree = BUILT_PRODUCTS_DIR; };
		D76D820A1B38AA8A003FD40E /* Info.plist */ = {isa = PBXFileReference; lastKnownFileType = text.plist.xml; path = Info.plist; sourceTree = "<group>"; };
		D76D820B1B38AA8A003FD40E /* AppDelegate.swift */ = {isa = PBXFileReference; lastKnownFileType = sourcecode.swift; path = AppDelegate.swift; sourceTree = "<group>"; };
		D76D820D1B38AA8A003FD40E /* ViewController.swift */ = {isa = PBXFileReference; lastKnownFileType = sourcecode.swift; path = ViewController.swift; sourceTree = "<group>"; };
		D76D82101B38AA8A003FD40E /* Base */ = {isa = PBXFileReference; lastKnownFileType = file.storyboard; name = Base; path = Base.lproj/Main.storyboard; sourceTree = "<group>"; };
		D76D82121B38AA8A003FD40E /* Images.xcassets */ = {isa = PBXFileReference; lastKnownFileType = folder.assetcatalog; path = Images.xcassets; sourceTree = "<group>"; };
		D76D82151B38AA8A003FD40E /* Base */ = {isa = PBXFileReference; lastKnownFileType = file.xib; name = Base; path = Base.lproj/LaunchScreen.xib; sourceTree = "<group>"; };
		D76D821B1B38AA8A003FD40E /* BandRegisterNotificationTests.xctest */ = {isa = PBXFileReference; explicitFileType = wrapper.cfbundle; includeInIndex = 0; path = BandRegisterNotificationTests.xctest; sourceTree = BUILT_PRODUCTS_DIR; };
		D76D82201B38AA8A003FD40E /* Info.plist */ = {isa = PBXFileReference; lastKnownFileType = text.plist.xml; path = Info.plist; sourceTree = "<group>"; };
		D76D82211B38AA8A003FD40E /* BandRegisterNotificationTests.swift */ = {isa = PBXFileReference; lastKnownFileType = sourcecode.swift; path = BandRegisterNotificationTests.swift; sourceTree = "<group>"; };
		D76D822B1B38AA9C003FD40E /* BandRegisterNotification-Bridging-Header.h */ = {isa = PBXFileReference; lastKnownFileType = sourcecode.c.h; path = "BandRegisterNotification-Bridging-Header.h"; sourceTree = SOURCE_ROOT; };
		D76D822E1B38AAB8003FD40E /* MicrosoftBandKit_iOS.framework */ = {isa = PBXFileReference; lastKnownFileType = wrapper.framework; name = MicrosoftBandKit_iOS.framework; path = ../../../../../Downloads/MicrosoftBandKit_iOS_SDK_1.3.10427.1/MicrosoftBandKit_iOS.framework; sourceTree = "<group>"; };
		D76D82301B38AABE003FD40E /* CoreBluetooth.framework */ = {isa = PBXFileReference; lastKnownFileType = wrapper.framework; name = CoreBluetooth.framework; path = System/Library/Frameworks/CoreBluetooth.framework; sourceTree = SDKROOT; };
		D76D82321B38AF5E003FD40E /* tile24.png */ = {isa = PBXFileReference; lastKnownFileType = image.png; path = tile24.png; sourceTree = "<group>"; };
		D76D82331B38AF5E003FD40E /* tile46.png */ = {isa = PBXFileReference; lastKnownFileType = image.png; path = tile46.png; sourceTree = "<group>"; };
/* End PBXFileReference section */

/* Begin PBXFrameworksBuildPhase section */
		D76D82031B38AA8A003FD40E /* Frameworks */ = {
			isa = PBXFrameworksBuildPhase;
			buildActionMask = 2147483647;
			files = (
				D76D82311B38AABE003FD40E /* CoreBluetooth.framework in Frameworks */,
				D76D822F1B38AAB8003FD40E /* MicrosoftBandKit_iOS.framework in Frameworks */,
			);
			runOnlyForDeploymentPostprocessing = 0;
		};
		D76D82181B38AA8A003FD40E /* Frameworks */ = {
			isa = PBXFrameworksBuildPhase;
			buildActionMask = 2147483647;
			files = (
			);
			runOnlyForDeploymentPostprocessing = 0;
		};
/* End PBXFrameworksBuildPhase section */

/* Begin PBXGroup section */
		D76D81FD1B38AA8A003FD40E = {
			isa = PBXGroup;
			children = (
				D76D82301B38AABE003FD40E /* CoreBluetooth.framework */,
				D76D822E1B38AAB8003FD40E /* MicrosoftBandKit_iOS.framework */,
				D76D82081B38AA8A003FD40E /* BandRegisterNotification */,
				D76D821E1B38AA8A003FD40E /* BandRegisterNotificationTests */,
				D76D82071B38AA8A003FD40E /* Products */,
			);
			sourceTree = "<group>";
		};
		D76D82071B38AA8A003FD40E /* Products */ = {
			isa = PBXGroup;
			children = (
				D76D82061B38AA8A003FD40E /* BandRegisterNotification.app */,
				D76D821B1B38AA8A003FD40E /* BandRegisterNotificationTests.xctest */,
			);
			name = Products;
			sourceTree = "<group>";
		};
		D76D82081B38AA8A003FD40E /* BandRegisterNotification */ = {
			isa = PBXGroup;
			children = (
				D76D82321B38AF5E003FD40E /* tile24.png */,
				D76D82331B38AF5E003FD40E /* tile46.png */,
				D76D822B1B38AA9C003FD40E /* BandRegisterNotification-Bridging-Header.h */,
				D76D820B1B38AA8A003FD40E /* AppDelegate.swift */,
				D76D820D1B38AA8A003FD40E /* ViewController.swift */,
				D76D820F1B38AA8A003FD40E /* Main.storyboard */,
				D76D82121B38AA8A003FD40E /* Images.xcassets */,
				D76D82141B38AA8A003FD40E /* LaunchScreen.xib */,
				D76D82091B38AA8A003FD40E /* Supporting Files */,
			);
			path = BandRegisterNotification;
			sourceTree = "<group>";
		};
		D76D82091B38AA8A003FD40E /* Supporting Files */ = {
			isa = PBXGroup;
			children = (
				D76D820A1B38AA8A003FD40E /* Info.plist */,
			);
			name = "Supporting Files";
			sourceTree = "<group>";
		};
		D76D821E1B38AA8A003FD40E /* BandRegisterNotificationTests */ = {
			isa = PBXGroup;
			children = (
				D76D82211B38AA8A003FD40E /* BandRegisterNotificationTests.swift */,
				D76D821F1B38AA8A003FD40E /* Supporting Files */,
			);
			path = BandRegisterNotificationTests;
			sourceTree = "<group>";
		};
		D76D821F1B38AA8A003FD40E /* Supporting Files */ = {
			isa = PBXGroup;
			children = (
				D76D82201B38AA8A003FD40E /* Info.plist */,
			);
			name = "Supporting Files";
			sourceTree = "<group>";
		};
/* End PBXGroup section */

/* Begin PBXNativeTarget section */
		D76D82051B38AA8A003FD40E /* BandRegisterNotification */ = {
			isa = PBXNativeTarget;
			buildConfigurationList = D76D82251B38AA8A003FD40E /* Build configuration list for PBXNativeTarget "BandRegisterNotification" */;
			buildPhases = (
				D76D82021B38AA8A003FD40E /* Sources */,
				D76D82031B38AA8A003FD40E /* Frameworks */,
				D76D82041B38AA8A003FD40E /* Resources */,
			);
			buildRules = (
			);
			dependencies = (
			);
			name = BandRegisterNotification;
			productName = BandRegisterNotification;
			productReference = D76D82061B38AA8A003FD40E /* BandRegisterNotification.app */;
			productType = "com.apple.product-type.application";
		};
		D76D821A1B38AA8A003FD40E /* BandRegisterNotificationTests */ = {
			isa = PBXNativeTarget;
			buildConfigurationList = D76D82281B38AA8A003FD40E /* Build configuration list for PBXNativeTarget "BandRegisterNotificationTests" */;
			buildPhases = (
				D76D82171B38AA8A003FD40E /* Sources */,
				D76D82181B38AA8A003FD40E /* Frameworks */,
				D76D82191B38AA8A003FD40E /* Resources */,
			);
			buildRules = (
			);
			dependencies = (
				D76D821D1B38AA8A003FD40E /* PBXTargetDependency */,
			);
			name = BandRegisterNotificationTests;
			productName = BandRegisterNotificationTests;
			productReference = D76D821B1B38AA8A003FD40E /* BandRegisterNotificationTests.xctest */;
			productType = "com.apple.product-type.bundle.unit-test";
		};
/* End PBXNativeTarget section */

/* Begin PBXProject section */
		D76D81FE1B38AA8A003FD40E /* Project object */ = {
			isa = PBXProject;
			attributes = {
				LastUpgradeCheck = 0630;
				ORGANIZATIONNAME = "Coventry University";
				TargetAttributes = {
					D76D82051B38AA8A003FD40E = {
						CreatedOnToolsVersion = 6.3.2;
					};
					D76D821A1B38AA8A003FD40E = {
						CreatedOnToolsVersion = 6.3.2;
						TestTargetID = D76D82051B38AA8A003FD40E;
					};
				};
			};
			buildConfigurationList = D76D82011B38AA8A003FD40E /* Build configuration list for PBXProject "BandRegisterNotification" */;
			compatibilityVersion = "Xcode 3.2";
			developmentRegion = English;
			hasScannedForEncodings = 0;
			knownRegions = (
				en,
				Base,
			);
			mainGroup = D76D81FD1B38AA8A003FD40E;
			productRefGroup = D76D82071B38AA8A003FD40E /* Products */;
			projectDirPath = "";
			projectRoot = "";
			targets = (
				D76D82051B38AA8A003FD40E /* BandRegisterNotification */,
				D76D821A1B38AA8A003FD40E /* BandRegisterNotificationTests */,
			);
		};
/* End PBXProject section */

/* Begin PBXResourcesBuildPhase section */
		D76D82041B38AA8A003FD40E /* Resources */ = {
			isa = PBXResourcesBuildPhase;
			buildActionMask = 2147483647;
			files = (
				D76D82111B38AA8A003FD40E /* Main.storyboard in Resources */,
				D76D82341B38AF5E003FD40E /* tile24.png in Resources */,
				D76D82161B38AA8A003FD40E /* LaunchScreen.xib in Resources */,
				D76D82351B38AF5E003FD40E /* tile46.png in Resources */,
				D76D82131B38AA8A003FD40E /* Images.xcassets in Resources */,
			);
			runOnlyForDeploymentPostprocessing = 0;
		};
		D76D82191B38AA8A003FD40E /* Resources */ = {
			isa = PBXResourcesBuildPhase;
			buildActionMask = 2147483647;
			files = (
			);
			runOnlyForDeploymentPostprocessing = 0;
		};
/* End PBXResourcesBuildPhase section */

/* Begin PBXSourcesBuildPhase section */
		D76D82021B38AA8A003FD40E /* Sources */ = {
			isa = PBXSourcesBuildPhase;
			buildActionMask = 2147483647;
			files = (
				D76D820E1B38AA8A003FD40E /* ViewController.swift in Sources */,
				D76D820C1B38AA8A003FD40E /* AppDelegate.swift in Sources */,
			);
			runOnlyForDeploymentPostprocessing = 0;
		};
		D76D82171B38AA8A003FD40E /* Sources */ = {
			isa = PBXSourcesBuildPhase;
			buildActionMask = 2147483647;
			files = (
				D76D82221B38AA8A003FD40E /* BandRegisterNotificationTests.swift in Sources */,
			);
			runOnlyForDeploymentPostprocessing = 0;
		};
/* End PBXSourcesBuildPhase section */

/* Begin PBXTargetDependency section */
		D76D821D1B38AA8A003FD40E /* PBXTargetDependency */ = {
			isa = PBXTargetDependency;
			target = D76D82051B38AA8A003FD40E /* BandRegisterNotification */;
			targetProxy = D76D821C1B38AA8A003FD40E /* PBXContainerItemProxy */;
		};
/* End PBXTargetDependency section */

/* Begin PBXVariantGroup section */
		D76D820F1B38AA8A003FD40E /* Main.storyboard */ = {
			isa = PBXVariantGroup;
			children = (
				D76D82101B38AA8A003FD40E /* Base */,
			);
			name = Main.storyboard;
			sourceTree = "<group>";
		};
		D76D82141B38AA8A003FD40E /* LaunchScreen.xib */ = {
			isa = PBXVariantGroup;
			children = (
				D76D82151B38AA8A003FD40E /* Base */,
			);
			name = LaunchScreen.xib;
			sourceTree = "<group>";
		};
/* End PBXVariantGroup section */

/* Begin XCBuildConfiguration section */
		D76D82231B38AA8A003FD40E /* Debug */ = {
			isa = XCBuildConfiguration;
			buildSettings = {
				ALWAYS_SEARCH_USER_PATHS = NO;
				CLANG_CXX_LANGUAGE_STANDARD = "gnu++0x";
				CLANG_CXX_LIBRARY = "libc++";
				CLANG_ENABLE_MODULES = YES;
				CLANG_ENABLE_OBJC_ARC = YES;
				CLANG_WARN_BOOL_CONVERSION = YES;
				CLANG_WARN_CONSTANT_CONVERSION = YES;
				CLANG_WARN_DIRECT_OBJC_ISA_USAGE = YES_ERROR;
				CLANG_WARN_EMPTY_BODY = YES;
				CLANG_WARN_ENUM_CONVERSION = YES;
				CLANG_WARN_INT_CONVERSION = YES;
				CLANG_WARN_OBJC_ROOT_CLASS = YES_ERROR;
				CLANG_WARN_UNREACHABLE_CODE = YES;
				CLANG_WARN__DUPLICATE_METHOD_MATCH = YES;
				"CODE_SIGN_IDENTITY[sdk=iphoneos*]" = "iPhone Developer";
				COPY_PHASE_STRIP = NO;
				DEBUG_INFORMATION_FORMAT = "dwarf-with-dsym";
				ENABLE_STRICT_OBJC_MSGSEND = YES;
				GCC_C_LANGUAGE_STANDARD = gnu99;
				GCC_DYNAMIC_NO_PIC = NO;
				GCC_NO_COMMON_BLOCKS = YES;
				GCC_OPTIMIZATION_LEVEL = 0;
				GCC_PREPROCESSOR_DEFINITIONS = (
					"DEBUG=1",
					"$(inherited)",
				);
				GCC_SYMBOLS_PRIVATE_EXTERN = NO;
				GCC_WARN_64_TO_32_BIT_CONVERSION = YES;
				GCC_WARN_ABOUT_RETURN_TYPE = YES_ERROR;
				GCC_WARN_UNDECLARED_SELECTOR = YES;
				GCC_WARN_UNINITIALIZED_AUTOS = YES_AGGRESSIVE;
				GCC_WARN_UNUSED_FUNCTION = YES;
				GCC_WARN_UNUSED_VARIABLE = YES;
				IPHONEOS_DEPLOYMENT_TARGET = 8.3;
				MTL_ENABLE_DEBUG_INFO = YES;
				ONLY_ACTIVE_ARCH = YES;
				SDKROOT = iphoneos;
				SWIFT_OPTIMIZATION_LEVEL = "-Onone";
			};
			name = Debug;
		};
		D76D82241B38AA8A003FD40E /* Release */ = {
			isa = XCBuildConfiguration;
			buildSettings = {
				ALWAYS_SEARCH_USER_PATHS = NO;
				CLANG_CXX_LANGUAGE_STANDARD = "gnu++0x";
				CLANG_CXX_LIBRARY = "libc++";
				CLANG_ENABLE_MODULES = YES;
				CLANG_ENABLE_OBJC_ARC = YES;
				CLANG_WARN_BOOL_CONVERSION = YES;
				CLANG_WARN_CONSTANT_CONVERSION = YES;
				CLANG_WARN_DIRECT_OBJC_ISA_USAGE = YES_ERROR;
				CLANG_WARN_EMPTY_BODY = YES;
				CLANG_WARN_ENUM_CONVERSION = YES;
				CLANG_WARN_INT_CONVERSION = YES;
				CLANG_WARN_OBJC_ROOT_CLASS = YES_ERROR;
				CLANG_WARN_UNREACHABLE_CODE = YES;
				CLANG_WARN__DUPLICATE_METHOD_MATCH = YES;
				"CODE_SIGN_IDENTITY[sdk=iphoneos*]" = "iPhone Developer";
				COPY_PHASE_STRIP = NO;
				DEBUG_INFORMATION_FORMAT = "dwarf-with-dsym";
				ENABLE_NS_ASSERTIONS = NO;
				ENABLE_STRICT_OBJC_MSGSEND = YES;
				GCC_C_LANGUAGE_STANDARD = gnu99;
				GCC_NO_COMMON_BLOCKS = YES;
				GCC_WARN_64_TO_32_BIT_CONVERSION = YES;
				GCC_WARN_ABOUT_RETURN_TYPE = YES_ERROR;
				GCC_WARN_UNDECLARED_SELECTOR = YES;
				GCC_WARN_UNINITIALIZED_AUTOS = YES_AGGRESSIVE;
				GCC_WARN_UNUSED_FUNCTION = YES;
				GCC_WARN_UNUSED_VARIABLE = YES;
				IPHONEOS_DEPLOYMENT_TARGET = 8.3;
				MTL_ENABLE_DEBUG_INFO = NO;
				SDKROOT = iphoneos;
				VALIDATE_PRODUCT = YES;
			};
			name = Release;
		};
		D76D82261B38AA8A003FD40E /* Debug */ = {
			isa = XCBuildConfiguration;
			buildSettings = {
				ASSETCATALOG_COMPILER_APPICON_NAME = AppIcon;
				CLANG_ENABLE_MODULES = YES;
				FRAMEWORK_SEARCH_PATHS = (
					"$(inherited)",
					/Users/marktyers/Downloads/MicrosoftBandKit_iOS_SDK_1.3.10427.1,
				);
				INFOPLIST_FILE = BandRegisterNotification/Info.plist;
				LD_RUNPATH_SEARCH_PATHS = "$(inherited) @executable_path/Frameworks";
				PRODUCT_NAME = "$(TARGET_NAME)";
				SWIFT_OBJC_BRIDGING_HEADER = "BandRegisterNotification-Bridging-Header.h";
				SWIFT_OPTIMIZATION_LEVEL = "-Onone";
			};
			name = Debug;
		};
		D76D82271B38AA8A003FD40E /* Release */ = {
			isa = XCBuildConfiguration;
			buildSettings = {
				ASSETCATALOG_COMPILER_APPICON_NAME = AppIcon;
				CLANG_ENABLE_MODULES = YES;
				FRAMEWORK_SEARCH_PATHS = (
					"$(inherited)",
					/Users/marktyers/Downloads/MicrosoftBandKit_iOS_SDK_1.3.10427.1,
				);
				INFOPLIST_FILE = BandRegisterNotification/Info.plist;
				LD_RUNPATH_SEARCH_PATHS = "$(inherited) @executable_path/Frameworks";
				PRODUCT_NAME = "$(TARGET_NAME)";
				SWIFT_OBJC_BRIDGING_HEADER = "BandRegisterNotification-Bridging-Header.h";
			};
			name = Release;
		};
		D76D82291B38AA8A003FD40E /* Debug */ = {
			isa = XCBuildConfiguration;
			buildSettings = {
				BUNDLE_LOADER = "$(TEST_HOST)";
				FRAMEWORK_SEARCH_PATHS = (
					"$(SDKROOT)/Developer/Library/Frameworks",
					"$(inherited)",
				);
				GCC_PREPROCESSOR_DEFINITIONS = (
					"DEBUG=1",
					"$(inherited)",
				);
				INFOPLIST_FILE = BandRegisterNotificationTests/Info.plist;
				LD_RUNPATH_SEARCH_PATHS = "$(inherited) @executable_path/Frameworks @loader_path/Frameworks";
				PRODUCT_NAME = "$(TARGET_NAME)";
				TEST_HOST = "$(BUILT_PRODUCTS_DIR)/BandRegisterNotification.app/BandRegisterNotification";
			};
			name = Debug;
		};
		D76D822A1B38AA8A003FD40E /* Release */ = {
			isa = XCBuildConfiguration;
			buildSettings = {
				BUNDLE_LOADER = "$(TEST_HOST)";
				FRAMEWORK_SEARCH_PATHS = (
					"$(SDKROOT)/Developer/Library/Frameworks",
					"$(inherited)",
				);
				INFOPLIST_FILE = BandRegisterNotificationTests/Info.plist;
				LD_RUNPATH_SEARCH_PATHS = "$(inherited) @executable_path/Frameworks @loader_path/Frameworks";
				PRODUCT_NAME = "$(TARGET_NAME)";
				TEST_HOST = "$(BUILT_PRODUCTS_DIR)/BandRegisterNotification.app/BandRegisterNotification";
			};
			name = Release;
		};
/* End XCBuildConfiguration section */

/* Begin XCConfigurationList section */
		D76D82011B38AA8A003FD40E /* Build configuration list for PBXProject "BandRegisterNotification" */ = {
			isa = XCConfigurationList;
			buildConfigurations = (
				D76D82231B38AA8A003FD40E /* Debug */,
				D76D82241B38AA8A003FD40E /* Release */,
			);
			defaultConfigurationIsVisible = 0;
			defaultConfigurationName = Release;
		};
		D76D82251B38AA8A003FD40E /* Build configuration list for PBXNativeTarget "BandRegisterNotification" */ = {
			isa = XCConfigurationList;
			buildConfigurations = (
				D76D82261B38AA8A003FD40E /* Debug */,
				D76D82271B38AA8A003FD40E /* Release */,
			);
			defaultConfigurationIsVisible = 0;
		};
		D76D82281B38AA8A003FD40E /* Build configuration list for PBXNativeTarget "BandRegisterNotificationTests" */ = {
			isa = XCConfigurationList;
			buildConfigurations = (
				D76D82291B38AA8A003FD40E /* Debug */,
				D76D822A1B38AA8A003FD40E /* Release */,
			);
			defaultConfigurationIsVisible = 0;
		};
/* End XCConfigurationList section */
	};
	rootObject = D76D81FE1B38AA8A003FD40E /* Project object */;
}
