// !$*UTF8*$!
{
	archiveVersion = 1;
	classes = {
	};
	objectVersion = 46;
	objects = {

/* Begin PBXBuildFile section */
		D76D81CF1B38934A003FD40E /* AppDelegate.swift in Sources */ = {isa = PBXBuildFile; fileRef = D76D81CE1B38934A003FD40E /* AppDelegate.swift */; };
		D76D81D11B38934A003FD40E /* ViewController.swift in Sources */ = {isa = PBXBuildFile; fileRef = D76D81D01B38934A003FD40E /* ViewController.swift */; };
		D76D81D41B38934A003FD40E /* Main.storyboard in Resources */ = {isa = PBXBuildFile; fileRef = D76D81D21B38934A003FD40E /* Main.storyboard */; };
		D76D81D61B38934A003FD40E /* Images.xcassets in Resources */ = {isa = PBXBuildFile; fileRef = D76D81D51B38934A003FD40E /* Images.xcassets */; };
		D76D81D91B38934A003FD40E /* LaunchScreen.xib in Resources */ = {isa = PBXBuildFile; fileRef = D76D81D71B38934A003FD40E /* LaunchScreen.xib */; };
		D76D81E51B38934A003FD40E /* BandTileEventTests.swift in Sources */ = {isa = PBXBuildFile; fileRef = D76D81E41B38934A003FD40E /* BandTileEventTests.swift */; };
		D76D81F21B389399003FD40E /* MicrosoftBandKit_iOS.framework in Frameworks */ = {isa = PBXBuildFile; fileRef = D76D81F11B389399003FD40E /* MicrosoftBandKit_iOS.framework */; };
		D76D81F41B3893A6003FD40E /* CoreBluetooth.framework in Frameworks */ = {isa = PBXBuildFile; fileRef = D76D81F31B3893A6003FD40E /* CoreBluetooth.framework */; };
		D76D81FB1B3898FC003FD40E /* tile24.png in Resources */ = {isa = PBXBuildFile; fileRef = D76D81F91B3898FC003FD40E /* tile24.png */; };
		D76D81FC1B3898FC003FD40E /* tile46.png in Resources */ = {isa = PBXBuildFile; fileRef = D76D81FA1B3898FC003FD40E /* tile46.png */; };
/* End PBXBuildFile section */

/* Begin PBXContainerItemProxy section */
		D76D81DF1B38934A003FD40E /* PBXContainerItemProxy */ = {
			isa = PBXContainerItemProxy;
			containerPortal = D76D81C11B38934A003FD40E /* Project object */;
			proxyType = 1;
			remoteGlobalIDString = D76D81C81B38934A003FD40E;
			remoteInfo = BandTileEvent;
		};
/* End PBXContainerItemProxy section */

/* Begin PBXFileReference section */
		D76D81C91B38934A003FD40E /* BandTileEvent.app */ = {isa = PBXFileReference; explicitFileType = wrapper.application; includeInIndex = 0; path = BandTileEvent.app; sourceTree = BUILT_PRODUCTS_DIR; };
		D76D81CD1B38934A003FD40E /* Info.plist */ = {isa = PBXFileReference; lastKnownFileType = text.plist.xml; path = Info.plist; sourceTree = "<group>"; };
		D76D81CE1B38934A003FD40E /* AppDelegate.swift */ = {isa = PBXFileReference; lastKnownFileType = sourcecode.swift; path = AppDelegate.swift; sourceTree = "<group>"; };
		D76D81D01B38934A003FD40E /* ViewController.swift */ = {isa = PBXFileReference; lastKnownFileType = sourcecode.swift; path = ViewController.swift; sourceTree = "<group>"; };
		D76D81D31B38934A003FD40E /* Base */ = {isa = PBXFileReference; lastKnownFileType = file.storyboard; name = Base; path = Base.lproj/Main.storyboard; sourceTree = "<group>"; };
		D76D81D51B38934A003FD40E /* Images.xcassets */ = {isa = PBXFileReference; lastKnownFileType = folder.assetcatalog; path = Images.xcassets; sourceTree = "<group>"; };
		D76D81D81B38934A003FD40E /* Base */ = {isa = PBXFileReference; lastKnownFileType = file.xib; name = Base; path = Base.lproj/LaunchScreen.xib; sourceTree = "<group>"; };
		D76D81DE1B38934A003FD40E /* BandTileEventTests.xctest */ = {isa = PBXFileReference; explicitFileType = wrapper.cfbundle; includeInIndex = 0; path = BandTileEventTests.xctest; sourceTree = BUILT_PRODUCTS_DIR; };
		D76D81E31B38934A003FD40E /* Info.plist */ = {isa = PBXFileReference; lastKnownFileType = text.plist.xml; path = Info.plist; sourceTree = "<group>"; };
		D76D81E41B38934A003FD40E /* BandTileEventTests.swift */ = {isa = PBXFileReference; lastKnownFileType = sourcecode.swift; path = BandTileEventTests.swift; sourceTree = "<group>"; };
		D76D81EE1B389377003FD40E /* BandTileEvent-Bridging-Header.h */ = {isa = PBXFileReference; lastKnownFileType = sourcecode.c.h; path = "BandTileEvent-Bridging-Header.h"; sourceTree = SOURCE_ROOT; };
		D76D81F11B389399003FD40E /* MicrosoftBandKit_iOS.framework */ = {isa = PBXFileReference; lastKnownFileType = wrapper.framework; name = MicrosoftBandKit_iOS.framework; path = ../../../../../Downloads/MicrosoftBandKit_iOS_SDK_1.3.10427.1/MicrosoftBandKit_iOS.framework; sourceTree = "<group>"; };
		D76D81F31B3893A6003FD40E /* CoreBluetooth.framework */ = {isa = PBXFileReference; lastKnownFileType = wrapper.framework; name = CoreBluetooth.framework; path = System/Library/Frameworks/CoreBluetooth.framework; sourceTree = SDKROOT; };
		D76D81F91B3898FC003FD40E /* tile24.png */ = {isa = PBXFileReference; lastKnownFileType = image.png; path = tile24.png; sourceTree = "<group>"; };
		D76D81FA1B3898FC003FD40E /* tile46.png */ = {isa = PBXFileReference; lastKnownFileType = image.png; path = tile46.png; sourceTree = "<group>"; };
/* End PBXFileReference section */

/* Begin PBXFrameworksBuildPhase section */
		D76D81C61B38934A003FD40E /* Frameworks */ = {
			isa = PBXFrameworksBuildPhase;
			buildActionMask = 2147483647;
			files = (
				D76D81F41B3893A6003FD40E /* CoreBluetooth.framework in Frameworks */,
				D76D81F21B389399003FD40E /* MicrosoftBandKit_iOS.framework in Frameworks */,
			);
			runOnlyForDeploymentPostprocessing = 0;
		};
		D76D81DB1B38934A003FD40E /* Frameworks */ = {
			isa = PBXFrameworksBuildPhase;
			buildActionMask = 2147483647;
			files = (
			);
			runOnlyForDeploymentPostprocessing = 0;
		};
/* End PBXFrameworksBuildPhase section */

/* Begin PBXGroup section */
		D76D81C01B38934A003FD40E = {
			isa = PBXGroup;
			children = (
				D76D81F31B3893A6003FD40E /* CoreBluetooth.framework */,
				D76D81F11B389399003FD40E /* MicrosoftBandKit_iOS.framework */,
				D76D81CB1B38934A003FD40E /* BandTileEvent */,
				D76D81E11B38934A003FD40E /* BandTileEventTests */,
				D76D81CA1B38934A003FD40E /* Products */,
			);
			sourceTree = "<group>";
		};
		D76D81CA1B38934A003FD40E /* Products */ = {
			isa = PBXGroup;
			children = (
				D76D81C91B38934A003FD40E /* BandTileEvent.app */,
				D76D81DE1B38934A003FD40E /* BandTileEventTests.xctest */,
			);
			name = Products;
			sourceTree = "<group>";
		};
		D76D81CB1B38934A003FD40E /* BandTileEvent */ = {
			isa = PBXGroup;
			children = (
				D76D81F91B3898FC003FD40E /* tile24.png */,
				D76D81FA1B3898FC003FD40E /* tile46.png */,
				D76D81EE1B389377003FD40E /* BandTileEvent-Bridging-Header.h */,
				D76D81CE1B38934A003FD40E /* AppDelegate.swift */,
				D76D81D01B38934A003FD40E /* ViewController.swift */,
				D76D81D21B38934A003FD40E /* Main.storyboard */,
				D76D81D51B38934A003FD40E /* Images.xcassets */,
				D76D81D71B38934A003FD40E /* LaunchScreen.xib */,
				D76D81CC1B38934A003FD40E /* Supporting Files */,
			);
			path = BandTileEvent;
			sourceTree = "<group>";
		};
		D76D81CC1B38934A003FD40E /* Supporting Files */ = {
			isa = PBXGroup;
			children = (
				D76D81CD1B38934A003FD40E /* Info.plist */,
			);
			name = "Supporting Files";
			sourceTree = "<group>";
		};
		D76D81E11B38934A003FD40E /* BandTileEventTests */ = {
			isa = PBXGroup;
			children = (
				D76D81E41B38934A003FD40E /* BandTileEventTests.swift */,
				D76D81E21B38934A003FD40E /* Supporting Files */,
			);
			path = BandTileEventTests;
			sourceTree = "<group>";
		};
		D76D81E21B38934A003FD40E /* Supporting Files */ = {
			isa = PBXGroup;
			children = (
				D76D81E31B38934A003FD40E /* Info.plist */,
			);
			name = "Supporting Files";
			sourceTree = "<group>";
		};
/* End PBXGroup section */

/* Begin PBXNativeTarget section */
		D76D81C81B38934A003FD40E /* BandTileEvent */ = {
			isa = PBXNativeTarget;
			buildConfigurationList = D76D81E81B38934A003FD40E /* Build configuration list for PBXNativeTarget "BandTileEvent" */;
			buildPhases = (
				D76D81C51B38934A003FD40E /* Sources */,
				D76D81C61B38934A003FD40E /* Frameworks */,
				D76D81C71B38934A003FD40E /* Resources */,
			);
			buildRules = (
			);
			dependencies = (
			);
			name = BandTileEvent;
			productName = BandTileEvent;
			productReference = D76D81C91B38934A003FD40E /* BandTileEvent.app */;
			productType = "com.apple.product-type.application";
		};
		D76D81DD1B38934A003FD40E /* BandTileEventTests */ = {
			isa = PBXNativeTarget;
			buildConfigurationList = D76D81EB1B38934A003FD40E /* Build configuration list for PBXNativeTarget "BandTileEventTests" */;
			buildPhases = (
				D76D81DA1B38934A003FD40E /* Sources */,
				D76D81DB1B38934A003FD40E /* Frameworks */,
				D76D81DC1B38934A003FD40E /* Resources */,
			);
			buildRules = (
			);
			dependencies = (
				D76D81E01B38934A003FD40E /* PBXTargetDependency */,
			);
			name = BandTileEventTests;
			productName = BandTileEventTests;
			productReference = D76D81DE1B38934A003FD40E /* BandTileEventTests.xctest */;
			productType = "com.apple.product-type.bundle.unit-test";
		};
/* End PBXNativeTarget section */

/* Begin PBXProject section */
		D76D81C11B38934A003FD40E /* Project object */ = {
			isa = PBXProject;
			attributes = {
				LastUpgradeCheck = 0630;
				ORGANIZATIONNAME = "Coventry University";
				TargetAttributes = {
					D76D81C81B38934A003FD40E = {
						CreatedOnToolsVersion = 6.3.2;
					};
					D76D81DD1B38934A003FD40E = {
						CreatedOnToolsVersion = 6.3.2;
						TestTargetID = D76D81C81B38934A003FD40E;
					};
				};
			};
			buildConfigurationList = D76D81C41B38934A003FD40E /* Build configuration list for PBXProject "BandTileEvent" */;
			compatibilityVersion = "Xcode 3.2";
			developmentRegion = English;
			hasScannedForEncodings = 0;
			knownRegions = (
				en,
				Base,
			);
			mainGroup = D76D81C01B38934A003FD40E;
			productRefGroup = D76D81CA1B38934A003FD40E /* Products */;
			projectDirPath = "";
			projectRoot = "";
			targets = (
				D76D81C81B38934A003FD40E /* BandTileEvent */,
				D76D81DD1B38934A003FD40E /* BandTileEventTests */,
			);
		};
/* End PBXProject section */

/* Begin PBXResourcesBuildPhase section */
		D76D81C71B38934A003FD40E /* Resources */ = {
			isa = PBXResourcesBuildPhase;
			buildActionMask = 2147483647;
			files = (
				D76D81D41B38934A003FD40E /* Main.storyboard in Resources */,
				D76D81FB1B3898FC003FD40E /* tile24.png in Resources */,
				D76D81D91B38934A003FD40E /* LaunchScreen.xib in Resources */,
				D76D81FC1B3898FC003FD40E /* tile46.png in Resources */,
				D76D81D61B38934A003FD40E /* Images.xcassets in Resources */,
			);
			runOnlyForDeploymentPostprocessing = 0;
		};
		D76D81DC1B38934A003FD40E /* Resources */ = {
			isa = PBXResourcesBuildPhase;
			buildActionMask = 2147483647;
			files = (
			);
			runOnlyForDeploymentPostprocessing = 0;
		};
/* End PBXResourcesBuildPhase section */

/* Begin PBXSourcesBuildPhase section */
		D76D81C51B38934A003FD40E /* Sources */ = {
			isa = PBXSourcesBuildPhase;
			buildActionMask = 2147483647;
			files = (
				D76D81D11B38934A003FD40E /* ViewController.swift in Sources */,
				D76D81CF1B38934A003FD40E /* AppDelegate.swift in Sources */,
			);
			runOnlyForDeploymentPostprocessing = 0;
		};
		D76D81DA1B38934A003FD40E /* Sources */ = {
			isa = PBXSourcesBuildPhase;
			buildActionMask = 2147483647;
			files = (
				D76D81E51B38934A003FD40E /* BandTileEventTests.swift in Sources */,
			);
			runOnlyForDeploymentPostprocessing = 0;
		};
/* End PBXSourcesBuildPhase section */

/* Begin PBXTargetDependency section */
		D76D81E01B38934A003FD40E /* PBXTargetDependency */ = {
			isa = PBXTargetDependency;
			target = D76D81C81B38934A003FD40E /* BandTileEvent */;
			targetProxy = D76D81DF1B38934A003FD40E /* PBXContainerItemProxy */;
		};
/* End PBXTargetDependency section */

/* Begin PBXVariantGroup section */
		D76D81D21B38934A003FD40E /* Main.storyboard */ = {
			isa = PBXVariantGroup;
			children = (
				D76D81D31B38934A003FD40E /* Base */,
			);
			name = Main.storyboard;
			sourceTree = "<group>";
		};
		D76D81D71B38934A003FD40E /* LaunchScreen.xib */ = {
			isa = PBXVariantGroup;
			children = (
				D76D81D81B38934A003FD40E /* Base */,
			);
			name = LaunchScreen.xib;
			sourceTree = "<group>";
		};
/* End PBXVariantGroup section */

/* Begin XCBuildConfiguration section */
		D76D81E61B38934A003FD40E /* Debug */ = {
			isa = XCBuildConfiguration;
			buildSettings = {
				ALWAYS_SEARCH_USER_PATHS = NO;
				CLANG_CXX_LANGUAGE_STANDARD = "gnu++0x";
				CLANG_CXX_LIBRARY = "libc++";
				CLANG_ENABLE_MODULES = YES;
				CLANG_ENABLE_OBJC_ARC = YES;
				CLANG_WARN_BOOL_CONVERSION = YES;
				CLANG_WARN_CONSTANT_CONVERSION = YES;
				CLANG_WARN_DIRECT_OBJC_ISA_USAGE = YES_ERROR;
				CLANG_WARN_EMPTY_BODY = YES;
				CLANG_WARN_ENUM_CONVERSION = YES;
				CLANG_WARN_INT_CONVERSION = YES;
				CLANG_WARN_OBJC_ROOT_CLASS = YES_ERROR;
				CLANG_WARN_UNREACHABLE_CODE = YES;
				CLANG_WARN__DUPLICATE_METHOD_MATCH = YES;
				"CODE_SIGN_IDENTITY[sdk=iphoneos*]" = "iPhone Developer";
				COPY_PHASE_STRIP = NO;
				DEBUG_INFORMATION_FORMAT = "dwarf-with-dsym";
				ENABLE_STRICT_OBJC_MSGSEND = YES;
				GCC_C_LANGUAGE_STANDARD = gnu99;
				GCC_DYNAMIC_NO_PIC = NO;
				GCC_NO_COMMON_BLOCKS = YES;
				GCC_OPTIMIZATION_LEVEL = 0;
				GCC_PREPROCESSOR_DEFINITIONS = (
					"DEBUG=1",
					"$(inherited)",
				);
				GCC_SYMBOLS_PRIVATE_EXTERN = NO;
				GCC_WARN_64_TO_32_BIT_CONVERSION = YES;
				GCC_WARN_ABOUT_RETURN_TYPE = YES_ERROR;
				GCC_WARN_UNDECLARED_SELECTOR = YES;
				GCC_WARN_UNINITIALIZED_AUTOS = YES_AGGRESSIVE;
				GCC_WARN_UNUSED_FUNCTION = YES;
				GCC_WARN_UNUSED_VARIABLE = YES;
				IPHONEOS_DEPLOYMENT_TARGET = 8.3;
				MTL_ENABLE_DEBUG_INFO = YES;
				ONLY_ACTIVE_ARCH = YES;
				SDKROOT = iphoneos;
				SWIFT_OPTIMIZATION_LEVEL = "-Onone";
			};
			name = Debug;
		};
		D76D81E71B38934A003FD40E /* Release */ = {
			isa = XCBuildConfiguration;
			buildSettings = {
				ALWAYS_SEARCH_USER_PATHS = NO;
				CLANG_CXX_LANGUAGE_STANDARD = "gnu++0x";
				CLANG_CXX_LIBRARY = "libc++";
				CLANG_ENABLE_MODULES = YES;
				CLANG_ENABLE_OBJC_ARC = YES;
				CLANG_WARN_BOOL_CONVERSION = YES;
				CLANG_WARN_CONSTANT_CONVERSION = YES;
				CLANG_WARN_DIRECT_OBJC_ISA_USAGE = YES_ERROR;
				CLANG_WARN_EMPTY_BODY = YES;
				CLANG_WARN_ENUM_CONVERSION = YES;
				CLANG_WARN_INT_CONVERSION = YES;
				CLANG_WARN_OBJC_ROOT_CLASS = YES_ERROR;
				CLANG_WARN_UNREACHABLE_CODE = YES;
				CLANG_WARN__DUPLICATE_METHOD_MATCH = YES;
				"CODE_SIGN_IDENTITY[sdk=iphoneos*]" = "iPhone Developer";
				COPY_PHASE_STRIP = NO;
				DEBUG_INFORMATION_FORMAT = "dwarf-with-dsym";
				ENABLE_NS_ASSERTIONS = NO;
				ENABLE_STRICT_OBJC_MSGSEND = YES;
				GCC_C_LANGUAGE_STANDARD = gnu99;
				GCC_NO_COMMON_BLOCKS = YES;
				GCC_WARN_64_TO_32_BIT_CONVERSION = YES;
				GCC_WARN_ABOUT_RETURN_TYPE = YES_ERROR;
				GCC_WARN_UNDECLARED_SELECTOR = YES;
				GCC_WARN_UNINITIALIZED_AUTOS = YES_AGGRESSIVE;
				GCC_WARN_UNUSED_FUNCTION = YES;
				GCC_WARN_UNUSED_VARIABLE = YES;
				IPHONEOS_DEPLOYMENT_TARGET = 8.3;
				MTL_ENABLE_DEBUG_INFO = NO;
				SDKROOT = iphoneos;
				VALIDATE_PRODUCT = YES;
			};
			name = Release;
		};
		D76D81E91B38934A003FD40E /* Debug */ = {
			isa = XCBuildConfiguration;
			buildSettings = {
				ASSETCATALOG_COMPILER_APPICON_NAME = AppIcon;
				CLANG_ENABLE_MODULES = YES;
				FRAMEWORK_SEARCH_PATHS = (
					"$(inherited)",
					/Users/marktyers/Downloads/MicrosoftBandKit_iOS_SDK_1.3.10427.1,
				);
				INFOPLIST_FILE = BandTileEvent/Info.plist;
				LD_RUNPATH_SEARCH_PATHS = "$(inherited) @executable_path/Frameworks";
				PRODUCT_NAME = "$(TARGET_NAME)";
				SWIFT_OBJC_BRIDGING_HEADER = "BandTileEvent-Bridging-Header.h";
				SWIFT_OPTIMIZATION_LEVEL = "-Onone";
			};
			name = Debug;
		};
		D76D81EA1B38934A003FD40E /* Release */ = {
			isa = XCBuildConfiguration;
			buildSettings = {
				ASSETCATALOG_COMPILER_APPICON_NAME = AppIcon;
				CLANG_ENABLE_MODULES = YES;
				FRAMEWORK_SEARCH_PATHS = (
					"$(inherited)",
					/Users/marktyers/Downloads/MicrosoftBandKit_iOS_SDK_1.3.10427.1,
				);
				INFOPLIST_FILE = BandTileEvent/Info.plist;
				LD_RUNPATH_SEARCH_PATHS = "$(inherited) @executable_path/Frameworks";
				PRODUCT_NAME = "$(TARGET_NAME)";
				SWIFT_OBJC_BRIDGING_HEADER = "BandTileEvent-Bridging-Header.h";
			};
			name = Release;
		};
		D76D81EC1B38934A003FD40E /* Debug */ = {
			isa = XCBuildConfiguration;
			buildSettings = {
				BUNDLE_LOADER = "$(TEST_HOST)";
				FRAMEWORK_SEARCH_PATHS = (
					"$(SDKROOT)/Developer/Library/Frameworks",
					"$(inherited)",
				);
				GCC_PREPROCESSOR_DEFINITIONS = (
					"DEBUG=1",
					"$(inherited)",
				);
				INFOPLIST_FILE = BandTileEventTests/Info.plist;
				LD_RUNPATH_SEARCH_PATHS = "$(inherited) @executable_path/Frameworks @loader_path/Frameworks";
				PRODUCT_NAME = "$(TARGET_NAME)";
				TEST_HOST = "$(BUILT_PRODUCTS_DIR)/BandTileEvent.app/BandTileEvent";
			};
			name = Debug;
		};
		D76D81ED1B38934A003FD40E /* Release */ = {
			isa = XCBuildConfiguration;
			buildSettings = {
				BUNDLE_LOADER = "$(TEST_HOST)";
				FRAMEWORK_SEARCH_PATHS = (
					"$(SDKROOT)/Developer/Library/Frameworks",
					"$(inherited)",
				);
				INFOPLIST_FILE = BandTileEventTests/Info.plist;
				LD_RUNPATH_SEARCH_PATHS = "$(inherited) @executable_path/Frameworks @loader_path/Frameworks";
				PRODUCT_NAME = "$(TARGET_NAME)";
				TEST_HOST = "$(BUILT_PRODUCTS_DIR)/BandTileEvent.app/BandTileEvent";
			};
			name = Release;
		};
/* End XCBuildConfiguration section */

/* Begin XCConfigurationList section */
		D76D81C41B38934A003FD40E /* Build configuration list for PBXProject "BandTileEvent" */ = {
			isa = XCConfigurationList;
			buildConfigurations = (
				D76D81E61B38934A003FD40E /* Debug */,
				D76D81E71B38934A003FD40E /* Release */,
			);
			defaultConfigurationIsVisible = 0;
			defaultConfigurationName = Release;
		};
		D76D81E81B38934A003FD40E /* Build configuration list for PBXNativeTarget "BandTileEvent" */ = {
			isa = XCConfigurationList;
			buildConfigurations = (
				D76D81E91B38934A003FD40E /* Debug */,
				D76D81EA1B38934A003FD40E /* Release */,
			);
			defaultConfigurationIsVisible = 0;
		};
		D76D81EB1B38934A003FD40E /* Build configuration list for PBXNativeTarget "BandTileEventTests" */ = {
			isa = XCConfigurationList;
			buildConfigurations = (
				D76D81EC1B38934A003FD40E /* Debug */,
				D76D81ED1B38934A003FD40E /* Release */,
			);
			defaultConfigurationIsVisible = 0;
		};
/* End XCConfigurationList section */
	};
	rootObject = D76D81C11B38934A003FD40E /* Project object */;
}
