// !$*UTF8*$!
{
	archiveVersion = 1;
	classes = {
	};
	objectVersion = 46;
	objects = {

/* Begin PBXBuildFile section */
		D7477E2F1BAFF23D00E101D9 /* AppDelegate.swift in Sources */ = {isa = PBXBuildFile; fileRef = D7477E2E1BAFF23D00E101D9 /* AppDelegate.swift */; };
		D7477E341BAFF23D00E101D9 /* Main.storyboard in Resources */ = {isa = PBXBuildFile; fileRef = D7477E321BAFF23D00E101D9 /* Main.storyboard */; };
		D7477E361BAFF23D00E101D9 /* Assets.xcassets in Resources */ = {isa = PBXBuildFile; fileRef = D7477E351BAFF23D00E101D9 /* Assets.xcassets */; };
		D7477E391BAFF23E00E101D9 /* LaunchScreen.storyboard in Resources */ = {isa = PBXBuildFile; fileRef = D7477E371BAFF23E00E101D9 /* LaunchScreen.storyboard */; };
		D7477E411BAFF40300E101D9 /* TableViewController.swift in Sources */ = {isa = PBXBuildFile; fileRef = D7477E401BAFF40300E101D9 /* TableViewController.swift */; settings = {ASSET_TAGS = (); }; };
		D7477E451BAFF5CD00E101D9 /* Forecast.swift in Sources */ = {isa = PBXBuildFile; fileRef = D7477E441BAFF5CD00E101D9 /* Forecast.swift */; settings = {ASSET_TAGS = (); }; };
		D7477E491BAFF84600E101D9 /* CoreLocation.framework in Frameworks */ = {isa = PBXBuildFile; fileRef = D7477E481BAFF84600E101D9 /* CoreLocation.framework */; };
/* End PBXBuildFile section */

/* Begin PBXFileReference section */
		D7477E2B1BAFF23D00E101D9 /* Better Weather.app */ = {isa = PBXFileReference; explicitFileType = wrapper.application; includeInIndex = 0; path = "Better Weather.app"; sourceTree = BUILT_PRODUCTS_DIR; };
		D7477E2E1BAFF23D00E101D9 /* AppDelegate.swift */ = {isa = PBXFileReference; lastKnownFileType = sourcecode.swift; path = AppDelegate.swift; sourceTree = "<group>"; };
		D7477E331BAFF23D00E101D9 /* Base */ = {isa = PBXFileReference; lastKnownFileType = file.storyboard; name = Base; path = Base.lproj/Main.storyboard; sourceTree = "<group>"; };
		D7477E351BAFF23D00E101D9 /* Assets.xcassets */ = {isa = PBXFileReference; lastKnownFileType = folder.assetcatalog; path = Assets.xcassets; sourceTree = "<group>"; };
		D7477E381BAFF23E00E101D9 /* Base */ = {isa = PBXFileReference; lastKnownFileType = file.storyboard; name = Base; path = Base.lproj/LaunchScreen.storyboard; sourceTree = "<group>"; };
		D7477E3A1BAFF23E00E101D9 /* Info.plist */ = {isa = PBXFileReference; lastKnownFileType = text.plist.xml; path = Info.plist; sourceTree = "<group>"; };
		D7477E401BAFF40300E101D9 /* TableViewController.swift */ = {isa = PBXFileReference; fileEncoding = 4; lastKnownFileType = sourcecode.swift; path = TableViewController.swift; sourceTree = "<group>"; };
		D7477E441BAFF5CD00E101D9 /* Forecast.swift */ = {isa = PBXFileReference; fileEncoding = 4; lastKnownFileType = sourcecode.swift; path = Forecast.swift; sourceTree = "<group>"; };
		D7477E481BAFF84600E101D9 /* CoreLocation.framework */ = {isa = PBXFileReference; lastKnownFileType = wrapper.framework; name = CoreLocation.framework; path = System/Library/Frameworks/CoreLocation.framework; sourceTree = SDKROOT; };
/* End PBXFileReference section */

/* Begin PBXFrameworksBuildPhase section */
		D7477E281BAFF23D00E101D9 /* Frameworks */ = {
			isa = PBXFrameworksBuildPhase;
			buildActionMask = 2147483647;
			files = (
				D7477E491BAFF84600E101D9 /* CoreLocation.framework in Frameworks */,
			);
			runOnlyForDeploymentPostprocessing = 0;
		};
/* End PBXFrameworksBuildPhase section */

/* Begin PBXGroup section */
		D7477E221BAFF23D00E101D9 = {
			isa = PBXGroup;
			children = (
				D7477E481BAFF84600E101D9 /* CoreLocation.framework */,
				D7477E2D1BAFF23D00E101D9 /* Better Weather */,
				D7477E2C1BAFF23D00E101D9 /* Products */,
			);
			sourceTree = "<group>";
		};
		D7477E2C1BAFF23D00E101D9 /* Products */ = {
			isa = PBXGroup;
			children = (
				D7477E2B1BAFF23D00E101D9 /* Better Weather.app */,
			);
			name = Products;
			sourceTree = "<group>";
		};
		D7477E2D1BAFF23D00E101D9 /* Better Weather */ = {
			isa = PBXGroup;
			children = (
				D7477E2E1BAFF23D00E101D9 /* AppDelegate.swift */,
				D7477E401BAFF40300E101D9 /* TableViewController.swift */,
				D7477E441BAFF5CD00E101D9 /* Forecast.swift */,
				D7477E321BAFF23D00E101D9 /* Main.storyboard */,
				D7477E351BAFF23D00E101D9 /* Assets.xcassets */,
				D7477E371BAFF23E00E101D9 /* LaunchScreen.storyboard */,
				D7477E3A1BAFF23E00E101D9 /* Info.plist */,
			);
			path = "Better Weather";
			sourceTree = "<group>";
		};
/* End PBXGroup section */

/* Begin PBXNativeTarget section */
		D7477E2A1BAFF23D00E101D9 /* Better Weather */ = {
			isa = PBXNativeTarget;
			buildConfigurationList = D7477E3D1BAFF23E00E101D9 /* Build configuration list for PBXNativeTarget "Better Weather" */;
			buildPhases = (
				D7477E271BAFF23D00E101D9 /* Sources */,
				D7477E281BAFF23D00E101D9 /* Frameworks */,
				D7477E291BAFF23D00E101D9 /* Resources */,
			);
			buildRules = (
			);
			dependencies = (
			);
			name = "Better Weather";
			productName = "Better Weather";
			productReference = D7477E2B1BAFF23D00E101D9 /* Better Weather.app */;
			productType = "com.apple.product-type.application";
		};
/* End PBXNativeTarget section */

/* Begin PBXProject section */
		D7477E231BAFF23D00E101D9 /* Project object */ = {
			isa = PBXProject;
			attributes = {
				LastUpgradeCheck = 0700;
				ORGANIZATIONNAME = "Mark Tyers";
				TargetAttributes = {
					D7477E2A1BAFF23D00E101D9 = {
						CreatedOnToolsVersion = 7.0;
						DevelopmentTeam = A379MN3SB2;
					};
				};
			};
			buildConfigurationList = D7477E261BAFF23D00E101D9 /* Build configuration list for PBXProject "Better Weather" */;
			compatibilityVersion = "Xcode 3.2";
			developmentRegion = English;
			hasScannedForEncodings = 0;
			knownRegions = (
				en,
				Base,
			);
			mainGroup = D7477E221BAFF23D00E101D9;
			productRefGroup = D7477E2C1BAFF23D00E101D9 /* Products */;
			projectDirPath = "";
			projectRoot = "";
			targets = (
				D7477E2A1BAFF23D00E101D9 /* Better Weather */,
			);
		};
/* End PBXProject section */

/* Begin PBXResourcesBuildPhase section */
		D7477E291BAFF23D00E101D9 /* Resources */ = {
			isa = PBXResourcesBuildPhase;
			buildActionMask = 2147483647;
			files = (
				D7477E391BAFF23E00E101D9 /* LaunchScreen.storyboard in Resources */,
				D7477E361BAFF23D00E101D9 /* Assets.xcassets in Resources */,
				D7477E341BAFF23D00E101D9 /* Main.storyboard in Resources */,
			);
			runOnlyForDeploymentPostprocessing = 0;
		};
/* End PBXResourcesBuildPhase section */

/* Begin PBXSourcesBuildPhase section */
		D7477E271BAFF23D00E101D9 /* Sources */ = {
			isa = PBXSourcesBuildPhase;
			buildActionMask = 2147483647;
			files = (
				D7477E411BAFF40300E101D9 /* TableViewController.swift in Sources */,
				D7477E451BAFF5CD00E101D9 /* Forecast.swift in Sources */,
				D7477E2F1BAFF23D00E101D9 /* AppDelegate.swift in Sources */,
			);
			runOnlyForDeploymentPostprocessing = 0;
		};
/* End PBXSourcesBuildPhase section */

/* Begin PBXVariantGroup section */
		D7477E321BAFF23D00E101D9 /* Main.storyboard */ = {
			isa = PBXVariantGroup;
			children = (
				D7477E331BAFF23D00E101D9 /* Base */,
			);
			name = Main.storyboard;
			sourceTree = "<group>";
		};
		D7477E371BAFF23E00E101D9 /* LaunchScreen.storyboard */ = {
			isa = PBXVariantGroup;
			children = (
				D7477E381BAFF23E00E101D9 /* Base */,
			);
			name = LaunchScreen.storyboard;
			sourceTree = "<group>";
		};
/* End PBXVariantGroup section */

/* Begin XCBuildConfiguration section */
		D7477E3B1BAFF23E00E101D9 /* Debug */ = {
			isa = XCBuildConfiguration;
			buildSettings = {
				ALWAYS_SEARCH_USER_PATHS = NO;
				CLANG_CXX_LANGUAGE_STANDARD = "gnu++0x";
				CLANG_CXX_LIBRARY = "libc++";
				CLANG_ENABLE_MODULES = YES;
				CLANG_ENABLE_OBJC_ARC = YES;
				CLANG_WARN_BOOL_CONVERSION = YES;
				CLANG_WARN_CONSTANT_CONVERSION = YES;
				CLANG_WARN_DIRECT_OBJC_ISA_USAGE = YES_ERROR;
				CLANG_WARN_EMPTY_BODY = YES;
				CLANG_WARN_ENUM_CONVERSION = YES;
				CLANG_WARN_INT_CONVERSION = YES;
				CLANG_WARN_OBJC_ROOT_CLASS = YES_ERROR;
				CLANG_WARN_UNREACHABLE_CODE = YES;
				CLANG_WARN__DUPLICATE_METHOD_MATCH = YES;
				"CODE_SIGN_IDENTITY[sdk=iphoneos*]" = "iPhone Developer";
				COPY_PHASE_STRIP = NO;
				DEBUG_INFORMATION_FORMAT = dwarf;
				ENABLE_STRICT_OBJC_MSGSEND = YES;
				ENABLE_TESTABILITY = YES;
				GCC_C_LANGUAGE_STANDARD = gnu99;
				GCC_DYNAMIC_NO_PIC = NO;
				GCC_NO_COMMON_BLOCKS = YES;
				GCC_OPTIMIZATION_LEVEL = 0;
				GCC_PREPROCESSOR_DEFINITIONS = (
					"DEBUG=1",
					"$(inherited)",
				);
				GCC_WARN_64_TO_32_BIT_CONVERSION = YES;
				GCC_WARN_ABOUT_RETURN_TYPE = YES_ERROR;
				GCC_WARN_UNDECLARED_SELECTOR = YES;
				GCC_WARN_UNINITIALIZED_AUTOS = YES_AGGRESSIVE;
				GCC_WARN_UNUSED_FUNCTION = YES;
				GCC_WARN_UNUSED_VARIABLE = YES;
				IPHONEOS_DEPLOYMENT_TARGET = 9.0;
				MTL_ENABLE_DEBUG_INFO = YES;
				ONLY_ACTIVE_ARCH = YES;
				SDKROOT = iphoneos;
				SWIFT_OPTIMIZATION_LEVEL = "-Onone";
			};
			name = Debug;
		};
		D7477E3C1BAFF23E00E101D9 /* Release */ = {
			isa = XCBuildConfiguration;
			buildSettings = {
				ALWAYS_SEARCH_USER_PATHS = NO;
				CLANG_CXX_LANGUAGE_STANDARD = "gnu++0x";
				CLANG_CXX_LIBRARY = "libc++";
				CLANG_ENABLE_MODULES = YES;
				CLANG_ENABLE_OBJC_ARC = YES;
				CLANG_WARN_BOOL_CONVERSION = YES;
				CLANG_WARN_CONSTANT_CONVERSION = YES;
				CLANG_WARN_DIRECT_OBJC_ISA_USAGE = YES_ERROR;
				CLANG_WARN_EMPTY_BODY = YES;
				CLANG_WARN_ENUM_CONVERSION = YES;
				CLANG_WARN_INT_CONVERSION = YES;
				CLANG_WARN_OBJC_ROOT_CLASS = YES_ERROR;
				CLANG_WARN_UNREACHABLE_CODE = YES;
				CLANG_WARN__DUPLICATE_METHOD_MATCH = YES;
				"CODE_SIGN_IDENTITY[sdk=iphoneos*]" = "iPhone Developer";
				COPY_PHASE_STRIP = NO;
				DEBUG_INFORMATION_FORMAT = "dwarf-with-dsym";
				ENABLE_NS_ASSERTIONS = NO;
				ENABLE_STRICT_OBJC_MSGSEND = YES;
				GCC_C_LANGUAGE_STANDARD = gnu99;
				GCC_NO_COMMON_BLOCKS = YES;
				GCC_WARN_64_TO_32_BIT_CONVERSION = YES;
				GCC_WARN_ABOUT_RETURN_TYPE = YES_ERROR;
				GCC_WARN_UNDECLARED_SELECTOR = YES;
				GCC_WARN_UNINITIALIZED_AUTOS = YES_AGGRESSIVE;
				GCC_WARN_UNUSED_FUNCTION = YES;
				GCC_WARN_UNUSED_VARIABLE = YES;
				IPHONEOS_DEPLOYMENT_TARGET = 9.0;
				MTL_ENABLE_DEBUG_INFO = NO;
				SDKROOT = iphoneos;
				VALIDATE_PRODUCT = YES;
			};
			name = Release;
		};
		D7477E3E1BAFF23E00E101D9 /* Debug */ = {
			isa = XCBuildConfiguration;
			buildSettings = {
				ASSETCATALOG_COMPILER_APPICON_NAME = AppIcon;
				INFOPLIST_FILE = "Better Weather/Info.plist";
				LD_RUNPATH_SEARCH_PATHS = "$(inherited) @executable_path/Frameworks";
				PRODUCT_BUNDLE_IDENTIFIER = "com.example.Better-Weather";
				PRODUCT_NAME = "$(TARGET_NAME)";
			};
			name = Debug;
		};
		D7477E3F1BAFF23E00E101D9 /* Release */ = {
			isa = XCBuildConfiguration;
			buildSettings = {
				ASSETCATALOG_COMPILER_APPICON_NAME = AppIcon;
				INFOPLIST_FILE = "Better Weather/Info.plist";
				LD_RUNPATH_SEARCH_PATHS = "$(inherited) @executable_path/Frameworks";
				PRODUCT_BUNDLE_IDENTIFIER = "com.example.Better-Weather";
				PRODUCT_NAME = "$(TARGET_NAME)";
			};
			name = Release;
		};
/* End XCBuildConfiguration section */

/* Begin XCConfigurationList section */
		D7477E261BAFF23D00E101D9 /* Build configuration list for PBXProject "Better Weather" */ = {
			isa = XCConfigurationList;
			buildConfigurations = (
				D7477E3B1BAFF23E00E101D9 /* Debug */,
				D7477E3C1BAFF23E00E101D9 /* Release */,
			);
			defaultConfigurationIsVisible = 0;
			defaultConfigurationName = Release;
		};
		D7477E3D1BAFF23E00E101D9 /* Build configuration list for PBXNativeTarget "Better Weather" */ = {
			isa = XCConfigurationList;
			buildConfigurations = (
				D7477E3E1BAFF23E00E101D9 /* Debug */,
				D7477E3F1BAFF23E00E101D9 /* Release */,
			);
			defaultConfigurationIsVisible = 0;
			defaultConfigurationName = Release;
		};
/* End XCConfigurationList section */
	};
	rootObject = D7477E231BAFF23D00E101D9 /* Project object */;
}
